
Microsoft Visual Studio Solution File, Format Version 12.00
# Visual Studio Version 16
VisualStudioVersion = 16.0.30330.147
MinimumVisualStudioVersion = 10.0.40219.1
Project("{9092AA53-FB77-4645-B42D-1CCCA6BD08BD}") = "RunTest", "RunTest.njsproj", "{6CA11F8E-839B-437C-B2AB-EA76FD1F034E}"
EndProject
Global
	GlobalSection(SolutionConfigurationPlatforms) = preSolution
		Debug|Any CPU = Debug|Any CPU
		Release|Any CPU = Release|Any CPU
	EndGlobalSection
	GlobalSection(ProjectConfigurationPlatforms) = postSolution
		{6CA11F8E-839B-437C-B2AB-EA76FD1F034E}.Debug|Any CPU.ActiveCfg = Debug|Any CPU
		{6CA11F8E-839B-437C-B2AB-EA76FD1F034E}.Debug|Any CPU.Build.0 = Debug|Any CPU
		{6CA11F8E-839B-437C-B2AB-EA76FD1F034E}.Release|Any CPU.ActiveCfg = Release|Any CPU
		{6CA11F8E-839B-437C-B2AB-EA76FD1F034E}.Release|Any CPU.Build.0 = Release|Any CPU
	EndGlobalSection
	GlobalSection(SolutionProperties) = preSolution
		HideSolutionNode = FALSE
	EndGlobalSection
	GlobalSection(ExtensibilityGlobals) = postSolution
		SolutionGuid = {A79E9131-6F57-4E1A-9F46-F2F5BAD38452}
	EndGlobalSection
EndGlobal
