
Microsoft Visual Studio Solution File, Format Version 12.00
# Visual Studio Version 16
VisualStudioVersion = 16.0.30330.147
MinimumVisualStudioVersion = 10.0.40219.1
Project("{9092AA53-FB77-4645-B42D-1CCCA6BD08BD}") = "packager", "packager.njsproj", "{75DBD8F1-DFFF-4275-81E5-5F080E03CDC3}"
EndProject
Global
	GlobalSection(SolutionConfigurationPlatforms) = preSolution
		Debug|Any CPU = Debug|Any CPU
		Release|Any CPU = Release|Any CPU
	EndGlobalSection
	GlobalSection(ProjectConfigurationPlatforms) = postSolution
		{75DBD8F1-DFFF-4275-81E5-5F080E03CDC3}.Debug|Any CPU.ActiveCfg = Debug|Any CPU
		{75DBD8F1-DFFF-4275-81E5-5F080E03CDC3}.Debug|Any CPU.Build.0 = Debug|Any CPU
		{75DBD8F1-DFFF-4275-81E5-5F080E03CDC3}.Release|Any CPU.ActiveCfg = Release|Any CPU
		{75DBD8F1-DFFF-4275-81E5-5F080E03CDC3}.Release|Any CPU.Build.0 = Release|Any CPU
	EndGlobalSection
	GlobalSection(SolutionProperties) = preSolution
		HideSolutionNode = FALSE
	EndGlobalSection
	GlobalSection(ExtensibilityGlobals) = postSolution
		SolutionGuid = {015956FF-9075-4722-9937-39AD2C22411B}
	EndGlobalSection
EndGlobal
